{
  "version": 4,
  "terraform_version": "1.0.11",
  "serial": 54,
  "lineage": "109d342e-7eeb-950a-a798-4f68f4b130df",
  "outputs": {},
  "resources": [
    {
      "module": "module.lines_counter",
      "mode": "data",
      "type": "aws_caller_identity",
      "name": "current",
      "provider": "provider[\"registry.terraform.io/hashicorp/aws\"]",
      "instances": [
        {
          "schema_version": 0,
          "attributes": {
            "account_id": "476209828715",
            "arn": "arn:aws:iam::476209828715:user/ofir.dassa",
            "id": "476209828715",
            "user_id": "AIDAW5YCRKNVWBDUXSCIK"
          },
          "sensitive_attributes": []
        }
      ]
    },
    {
      "module": "module.lines_counter",
      "mode": "managed",
      "type": "aws_dynamodb_table",
      "name": "table",
      "provider": "provider[\"registry.terraform.io/hashicorp/aws\"]",
      "instances": [
        {
          "schema_version": 1,
          "attributes": {
            "arn": "arn:aws:dynamodb:us-east-1:476209828715:table/dynamo-lines-counter",
            "attribute": [
              {
                "name": "ID",
                "type": "S"
              }
            ],
            "billing_mode": "PAY_PER_REQUEST",
            "global_secondary_index": [],
            "hash_key": "ID",
            "id": "dynamo-lines-counter",
            "local_secondary_index": [],
            "name": "dynamo-lines-counter",
            "point_in_time_recovery": [
              {
                "enabled": false
              }
            ],
            "range_key": null,
            "read_capacity": 0,
            "replica": [],
            "restore_date_time": null,
            "restore_source_name": null,
            "restore_to_latest_time": null,
            "server_side_encryption": [],
            "stream_arn": "",
            "stream_enabled": false,
            "stream_label": "",
            "stream_view_type": "",
            "table_class": "",
            "tags": {},
            "tags_all": {},
            "timeouts": null,
            "ttl": [
              {
                "attribute_name": "",
                "enabled": false
              }
            ],
            "write_capacity": 0
          },
          "sensitive_attributes": [],
          "private": "eyJlMmJmYjczMC1lY2FhLTExZTYtOGY4OC0zNDM2M2JjN2M0YzAiOnsiY3JlYXRlIjoxODAwMDAwMDAwMDAwLCJkZWxldGUiOjYwMDAwMDAwMDAwMCwidXBkYXRlIjozNjAwMDAwMDAwMDAwfSwic2NoZW1hX3ZlcnNpb24iOiIxIn0="
        }
      ]
    },
    {
      "module": "module.lines_counter",
      "mode": "managed",
      "type": "aws_iam_role",
      "name": "iam_for_lambda",
      "provider": "provider[\"registry.terraform.io/hashicorp/aws\"]",
      "instances": [
        {
          "schema_version": 0,
          "attributes": {
            "arn": "arn:aws:iam::476209828715:role/iam_for_lines_counter",
            "assume_role_policy": "{\"Version\":\"2012-10-17\",\"Statement\":[{\"Sid\":\"\",\"Effect\":\"Allow\",\"Principal\":{\"Service\":\"lambda.amazonaws.com\"},\"Action\":\"sts:AssumeRole\"}]}",
            "create_date": "2022-05-12T17:17:36Z",
            "description": "",
            "force_detach_policies": false,
            "id": "iam_for_lines_counter",
            "inline_policy": [
              {
                "name": "terraform-20220512171742094000000002",
                "policy": "{\n  \"Version\": \"2012-10-17\",\n  \"Statement\": [\n    {\n      \"Sid\": \"BucketAccess\",\n      \"Effect\": \"Allow\",\n      \"Action\": \"s3:ListBucket\",\n      \"Resource\": [\n        \"arn:aws:s3:::bucket-devops-project\"\n      ]\n    },\n    {\n      \"Sid\": \"BucketContentsAccess\",\n      \"Effect\": \"Allow\",\n      \"Action\": [\n        \"s3:GetObject\"\n      ],\n      \"Resource\": [\n        \"arn:aws:s3:::bucket-devops-project/*\"\n      ]\n    },\n    {\n      \"Sid\": \"DynamoDBPutItem\",\n      \"Effect\": \"Allow\",\n      \"Action\": [\n        \"dynamodb:BatchGetItem\",\n        \"dynamodb:ConditionCheckItem\",\n        \"dynamodb:GetRecords\",\n        \"dynamodb:GetItem\",\n        \"dynamodb:Scan\",\n        \"dynamodb:Query\",\n        \"dynamodb:BatchWriteItem\",\n        \"dynamodb:DeleteItem\",\n        \"dynamodb:PutItem\",\n        \"dynamodb:UpdateItem\",\n        \"dynamodb:UpdateTimeToLive\"\n      ],\n      \"Resource\": [\n        \"arn:aws:dynamodb:us-east-1:476209828715:table/dynamo-lines-counter\"\n      ]\n    },\n    {\n        \"Sid\": \"ListAndDescribe\",\n        \"Effect\": \"Allow\",\n        \"Action\": [\n            \"dynamodb:List*\",\n            \"dynamodb:DescribeReservedCapacity*\",\n            \"dynamodb:DescribeLimits\",\n            \"dynamodb:DescribeTimeToLive\"\n        ],\n        \"Resource\": \"*\"\n    }\n  ]\n}\n"
              }
            ],
            "managed_policy_arns": [
              "arn:aws:iam::aws:policy/service-role/AWSLambdaBasicExecutionRole"
            ],
            "max_session_duration": 3600,
            "name": "iam_for_lines_counter",
            "name_prefix": "",
            "path": "/",
            "permissions_boundary": null,
            "tags": {},
            "tags_all": {},
            "unique_id": "AROAW5YCRKNVVRRCNDY2Y"
          },
          "sensitive_attributes": [],
          "private": "bnVsbA=="
        }
      ]
    },
    {
      "module": "module.lines_counter",
      "mode": "managed",
      "type": "aws_iam_role_policy",
      "name": "allow_s3_read",
      "provider": "provider[\"registry.terraform.io/hashicorp/aws\"]",
      "instances": [
        {
          "schema_version": 0,
          "attributes": {
            "id": "iam_for_lines_counter:terraform-20220512171742094000000002",
            "name": "terraform-20220512171742094000000002",
            "name_prefix": null,
            "policy": "{\n  \"Version\": \"2012-10-17\",\n  \"Statement\": [\n    {\n      \"Sid\": \"BucketAccess\",\n      \"Effect\": \"Allow\",\n      \"Action\": \"s3:ListBucket\",\n      \"Resource\": [\n        \"arn:aws:s3:::bucket-devops-project\"\n      ]\n    },\n    {\n      \"Sid\": \"BucketContentsAccess\",\n      \"Effect\": \"Allow\",\n      \"Action\": [\n        \"s3:GetObject\"\n      ],\n      \"Resource\": [\n        \"arn:aws:s3:::bucket-devops-project/*\"\n      ]\n    },\n    {\n      \"Sid\": \"DynamoDBPutItem\",\n      \"Effect\": \"Allow\",\n      \"Action\": [\n        \"dynamodb:BatchGetItem\",\n        \"dynamodb:ConditionCheckItem\",\n        \"dynamodb:GetRecords\",\n        \"dynamodb:GetItem\",\n        \"dynamodb:Scan\",\n        \"dynamodb:Query\",\n        \"dynamodb:BatchWriteItem\",\n        \"dynamodb:DeleteItem\",\n        \"dynamodb:PutItem\",\n        \"dynamodb:UpdateItem\",\n        \"dynamodb:UpdateTimeToLive\"\n      ],\n      \"Resource\": [\n        \"arn:aws:dynamodb:us-east-1:476209828715:table/dynamo-lines-counter\"\n      ]\n    },\n    {\n        \"Sid\": \"ListAndDescribe\",\n        \"Effect\": \"Allow\",\n        \"Action\": [\n            \"dynamodb:List*\",\n            \"dynamodb:DescribeReservedCapacity*\",\n            \"dynamodb:DescribeLimits\",\n            \"dynamodb:DescribeTimeToLive\"\n        ],\n        \"Resource\": \"*\"\n    }\n  ]\n}\n",
            "role": "iam_for_lines_counter"
          },
          "sensitive_attributes": [],
          "private": "bnVsbA==",
          "dependencies": [
            "module.lines_counter.aws_dynamodb_table.table",
            "module.lines_counter.aws_iam_role.iam_for_lambda",
            "module.lines_counter.aws_s3_bucket.bucket"
          ]
        }
      ]
    },
    {
      "module": "module.lines_counter",
      "mode": "managed",
      "type": "aws_iam_role_policy_attachment",
      "name": "basic_lambda",
      "provider": "provider[\"registry.terraform.io/hashicorp/aws\"]",
      "instances": [
        {
          "schema_version": 0,
          "attributes": {
            "id": "iam_for_lines_counter-20220512171735156100000001",
            "policy_arn": "arn:aws:iam::aws:policy/service-role/AWSLambdaBasicExecutionRole",
            "role": "iam_for_lines_counter"
          },
          "sensitive_attributes": [],
          "private": "bnVsbA==",
          "dependencies": [
            "module.lines_counter.aws_iam_role.iam_for_lambda"
          ]
        }
      ]
    },
    {
      "module": "module.lines_counter",
      "mode": "managed",
      "type": "aws_lambda_function",
      "name": "function",
      "provider": "provider[\"registry.terraform.io/hashicorp/aws\"]",
      "instances": [
        {
          "schema_version": 0,
          "attributes": {
            "architectures": [
              "x86_64"
            ],
            "arn": "arn:aws:lambda:us-east-1:476209828715:function:lines_counter",
            "code_signing_config_arn": "",
            "dead_letter_config": [],
            "description": "",
            "environment": [
              {
                "variables": {
                  "TABLE_NAME": "dynamo-lines-counter"
                }
              }
            ],
            "ephemeral_storage": [
              {
                "size": 512
              }
            ],
            "file_system_config": [],
            "filename": "lines_counter_lambda.zip",
            "function_name": "lines_counter",
            "handler": "lines_counter.lambda_handler",
            "id": "lines_counter",
            "image_config": [],
            "image_uri": "",
            "invoke_arn": "arn:aws:apigateway:us-east-1:lambda:path/2015-03-31/functions/arn:aws:lambda:us-east-1:476209828715:function:lines_counter/invocations",
            "kms_key_arn": "",
            "last_modified": "2022-05-12T18:40:13.000+0000",
            "layers": [],
            "memory_size": 128,
            "package_type": "Zip",
            "publish": false,
            "qualified_arn": "arn:aws:lambda:us-east-1:476209828715:function:lines_counter:$LATEST",
            "reserved_concurrent_executions": -1,
            "role": "arn:aws:iam::476209828715:role/iam_for_lines_counter",
            "runtime": "python3.8",
            "s3_bucket": null,
            "s3_key": null,
            "s3_object_version": null,
            "signing_job_arn": "",
            "signing_profile_version_arn": "",
            "source_code_hash": "X2jcR5+j9iQEhxleTSw0tGIUE6rQTqasdUfjFhiQfHI=",
            "source_code_size": 647,
            "tags": {},
            "tags_all": {},
            "timeout": 3,
            "timeouts": null,
            "tracing_config": [
              {
                "mode": "PassThrough"
              }
            ],
            "version": "$LATEST",
            "vpc_config": []
          },
          "sensitive_attributes": [],
          "private": "eyJlMmJmYjczMC1lY2FhLTExZTYtOGY4OC0zNDM2M2JjN2M0YzAiOnsiY3JlYXRlIjo2MDAwMDAwMDAwMDB9fQ==",
          "dependencies": [
            "module.lines_counter.aws_iam_role.iam_for_lambda"
          ]
        }
      ]
    },
    {
      "module": "module.lines_counter",
      "mode": "managed",
      "type": "aws_lambda_permission",
      "name": "allow_bucket_lambda",
      "provider": "provider[\"registry.terraform.io/hashicorp/aws\"]",
      "instances": [
        {
          "schema_version": 0,
          "attributes": {
            "action": "lambda:InvokeFunction",
            "event_source_token": null,
            "function_name": "arn:aws:lambda:us-east-1:476209828715:function:lines_counter",
            "function_url_auth_type": null,
            "id": "AllowExecutionFromS3Bucket",
            "principal": "s3.amazonaws.com",
            "principal_org_id": null,
            "qualifier": "",
            "source_account": null,
            "source_arn": "arn:aws:s3:::bucket-devops-project",
            "statement_id": "AllowExecutionFromS3Bucket",
            "statement_id_prefix": ""
          },
          "sensitive_attributes": [],
          "private": "bnVsbA==",
          "dependencies": [
            "module.lines_counter.aws_iam_role.iam_for_lambda",
            "module.lines_counter.aws_lambda_function.function",
            "module.lines_counter.aws_s3_bucket.bucket"
          ]
        }
      ]
    },
    {
      "module": "module.lines_counter",
      "mode": "managed",
      "type": "aws_s3_bucket",
      "name": "bucket",
      "provider": "provider[\"registry.terraform.io/hashicorp/aws\"]",
      "instances": [
        {
          "schema_version": 0,
          "attributes": {
            "acceleration_status": "",
            "acl": null,
            "arn": "arn:aws:s3:::bucket-devops-project",
            "bucket": "bucket-devops-project",
            "bucket_domain_name": "bucket-devops-project.s3.amazonaws.com",
            "bucket_prefix": null,
            "bucket_regional_domain_name": "bucket-devops-project.s3.amazonaws.com",
            "cors_rule": [],
            "force_destroy": false,
            "grant": [
              {
                "id": "a7cfbdd9239034c29fa202466cf9d53078d305c7a4d0363741d8d2bebd08ee11",
                "permissions": [
                  "FULL_CONTROL"
                ],
                "type": "CanonicalUser",
                "uri": ""
              }
            ],
            "hosted_zone_id": "Z3AQBSTGFYJSTF",
            "id": "bucket-devops-project",
            "lifecycle_rule": [],
            "logging": [],
            "object_lock_configuration": [],
            "object_lock_enabled": false,
            "policy": "",
            "region": "us-east-1",
            "replication_configuration": [],
            "request_payer": "BucketOwner",
            "server_side_encryption_configuration": [],
            "tags": {},
            "tags_all": {},
            "versioning": [
              {
                "enabled": true,
                "mfa_delete": false
              }
            ],
            "website": [],
            "website_domain": null,
            "website_endpoint": null
          },
          "sensitive_attributes": [],
          "private": "bnVsbA=="
        }
      ]
    },
    {
      "module": "module.lines_counter",
      "mode": "managed",
      "type": "aws_s3_bucket_acl",
      "name": "bucket_acl",
      "provider": "provider[\"registry.terraform.io/hashicorp/aws\"]",
      "instances": [
        {
          "schema_version": 0,
          "attributes": {
            "access_control_policy": [
              {
                "grant": [
                  {
                    "grantee": [
                      {
                        "display_name": "ofirdassa9",
                        "email_address": "",
                        "id": "a7cfbdd9239034c29fa202466cf9d53078d305c7a4d0363741d8d2bebd08ee11",
                        "type": "CanonicalUser",
                        "uri": ""
                      }
                    ],
                    "permission": "FULL_CONTROL"
                  }
                ],
                "owner": [
                  {
                    "display_name": "ofirdassa9",
                    "id": "a7cfbdd9239034c29fa202466cf9d53078d305c7a4d0363741d8d2bebd08ee11"
                  }
                ]
              }
            ],
            "acl": "private",
            "bucket": "bucket-devops-project",
            "expected_bucket_owner": "",
            "id": "bucket-devops-project,private"
          },
          "sensitive_attributes": [],
          "private": "bnVsbA==",
          "dependencies": [
            "module.lines_counter.aws_s3_bucket.bucket"
          ]
        }
      ]
    },
    {
      "module": "module.lines_counter",
      "mode": "managed",
      "type": "aws_s3_bucket_notification",
      "name": "allow_s3_bucket_notification",
      "provider": "provider[\"registry.terraform.io/hashicorp/aws\"]",
      "instances": [
        {
          "schema_version": 0,
          "attributes": {
            "bucket": "bucket-devops-project",
            "eventbridge": false,
            "id": "bucket-devops-project",
            "lambda_function": [
              {
                "events": [
                  "s3:ObjectCreated:*"
                ],
                "filter_prefix": "",
                "filter_suffix": "",
                "id": "tf-s3-lambda-20220512171749834200000003",
                "lambda_function_arn": "arn:aws:lambda:us-east-1:476209828715:function:lines_counter"
              }
            ],
            "queue": [],
            "topic": []
          },
          "sensitive_attributes": [],
          "private": "bnVsbA==",
          "dependencies": [
            "module.lines_counter.aws_iam_role.iam_for_lambda",
            "module.lines_counter.aws_lambda_function.function",
            "module.lines_counter.aws_s3_bucket.bucket"
          ]
        }
      ]
    },
    {
      "module": "module.lines_counter",
      "mode": "managed",
      "type": "aws_s3_bucket_versioning",
      "name": "bucket_versioning",
      "provider": "provider[\"registry.terraform.io/hashicorp/aws\"]",
      "instances": [
        {
          "schema_version": 0,
          "attributes": {
            "bucket": "bucket-devops-project",
            "expected_bucket_owner": "",
            "id": "bucket-devops-project",
            "mfa": null,
            "versioning_configuration": [
              {
                "mfa_delete": "",
                "status": "Enabled"
              }
            ]
          },
          "sensitive_attributes": [],
          "private": "bnVsbA==",
          "dependencies": [
            "module.lines_counter.aws_s3_bucket.bucket"
          ]
        }
      ]
    }
  ]
}
